
Microsoft Visual Studio Solution File, Format Version 12.00
# Visual Studio 2012
Project("{E24C65DC-7377-472B-9ABA-BC803B73C61A}") = "NewCuahsiHisCentral", ".", "{61270835-5AA4-4CB8-BEFA-EA6ED8BD6DF6}"
	ProjectSection(WebsiteProperties) = preProject
		TargetFrameworkMoniker = ".NETFramework,Version%3Dv4.5"
		Debug.AspNetCompiler.VirtualPath = "/NewCuahsiHisCentral"
		Debug.AspNetCompiler.PhysicalPath = "..\..\..\..\..\..\VStudioProjects\VSProjects\NewCuahsiHisCentral\"
		Debug.AspNetCompiler.TargetPath = "PrecompiledWeb\NewCuahsiHisCentral\"
		Debug.AspNetCompiler.Updateable = "true"
		Debug.AspNetCompiler.ForceOverwrite = "true"
		Debug.AspNetCompiler.FixedNames = "false"
		Debug.AspNetCompiler.Debug = "True"
		Release.AspNetCompiler.VirtualPath = "/NewCuahsiHisCentral"
		Release.AspNetCompiler.PhysicalPath = "..\..\..\..\..\..\VStudioProjects\VSProjects\NewCuahsiHisCentral\"
		Release.AspNetCompiler.TargetPath = "PrecompiledWeb\NewCuahsiHisCentral\"
		Release.AspNetCompiler.Updateable = "true"
		Release.AspNetCompiler.ForceOverwrite = "true"
		Release.AspNetCompiler.FixedNames = "false"
		Release.AspNetCompiler.Debug = "False"
		VWDPort = "62051"
	EndProjectSection
EndProject
Global
	GlobalSection(SolutionConfigurationPlatforms) = preSolution
		Debug|Any CPU = Debug|Any CPU
	EndGlobalSection
	GlobalSection(ProjectConfigurationPlatforms) = postSolution
		{61270835-5AA4-4CB8-BEFA-EA6ED8BD6DF6}.Debug|Any CPU.ActiveCfg = Debug|Any CPU
		{61270835-5AA4-4CB8-BEFA-EA6ED8BD6DF6}.Debug|Any CPU.Build.0 = Debug|Any CPU
	EndGlobalSection
	GlobalSection(SolutionProperties) = preSolution
		HideSolutionNode = FALSE
	EndGlobalSection
EndGlobal
